<?xml version="1.0" encoding="utf-8"?>
<Project ToolsVersion="4.0" xmlns="http://schemas.microsoft.com/developer/msbuild/2003">
  <ItemGroup>
    <Filter Include="Source files">
      <UniqueIdentifier>{fbbf3105-eff7-4eb5-b595-2087282d9c44}</UniqueIdentifier>
      <Extensions>cpp;c;cc;cxx;def;odl;idl;hpj;bat;asm;asmx</Extensions>
    </Filter>
    <Filter Include="Header files">
      <UniqueIdentifier>{a5aa0bb2-ef31-4f3f-87a2-7e97f01bb7bb}</UniqueIdentifier>
      <Extensions>h;hpp;hxx;hm;inl;inc;xsd</Extensions>
    </Filter>
    <Filter Include="Resource files">
      <UniqueIdentifier>{7f8495c0-640a-4fa9-b90e-b6e9b0c60751}</UniqueIdentifier>
      <Extensions>rc;ico;cur;bmp;dlg;rc2;rct;bin;rgs;gif;jpg;jpeg;jpe;resx;tiff;tif;png;wav</Extensions>
    </Filter>
    <Filter Include="VisualGDB settings">
      <UniqueIdentifier>{4778075d-3c6a-4dd9-979b-d9a7dba6d42b}</UniqueIdentifier>
      <Extensions>*.vgdbsettings</Extensions>
    </Filter>
    <Filter Include="Source files\GPIO">
      <UniqueIdentifier>{eeb8b897-c7b6-43fb-a3cb-99f32f5be65e}</UniqueIdentifier>
    </Filter>
    <Filter Include="Source files\UART">
      <UniqueIdentifier>{e5f7fa8c-1df7-4875-8254-aba4e2da0ade}</UniqueIdentifier>
    </Filter>
    <Filter Include="Source files\Serial">
      <UniqueIdentifier>{d7718275-290a-4c54-99ed-f9e248238fa2}</UniqueIdentifier>
    </Filter>
  </ItemGroup>
  <ItemGroup>
    <ClCompile Include="BBBSerialCommunication.cpp">
      <Filter>Source files</Filter>
    </ClCompile>
    <ClCompile Include="GPIOConst.cpp">
      <Filter>Source files\GPIO</Filter>
    </ClCompile>
    <ClCompile Include="GPIOManager.cpp">
      <Filter>Source files\GPIO</Filter>
    </ClCompile>
    <ClCompile Include="Serial.cpp">
      <Filter>Source files\Serial</Filter>
    </ClCompile>
  </ItemGroup>
  <ItemGroup>
    <None Include="BBBSerialCommunication-Debug.vgdbsettings">
      <Filter>VisualGDB settings</Filter>
    </None>
    <None Include="BBBSerialCommunication-Release.vgdbsettings">
      <Filter>VisualGDB settings</Filter>
    </None>
  </ItemGroup>
  <ItemGroup>
    <ClInclude Include="GPIOConst.h">
      <Filter>Source files\GPIO</Filter>
    </ClInclude>
    <ClInclude Include="GPIOManager.h">
      <Filter>Source files\GPIO</Filter>
    </ClInclude>
    <ClInclude Include="uart.h">
      <Filter>Source files\UART</Filter>
    </ClInclude>
    <ClInclude Include="Serial.h">
      <Filter>Source files\Serial</Filter>
    </ClInclude>
  </ItemGroup>
</Project>